// !$*UTF8*$!
{
	archiveVersion = 1;
	classes = {
	};
	objectVersion = 46;
	objects = {

/* Begin PBXBuildFile section */
		4618B2D11DE03427004E4022 /* PNBPlaceDetailsViewController.swift in Sources */ = {isa = PBXBuildFile; fileRef = 4618B2CF1DE03427004E4022 /* PNBPlaceDetailsViewController.swift */; };
		4618B2D21DE03427004E4022 /* PNBPlaceDetailsViewController.xib in Resources */ = {isa = PBXBuildFile; fileRef = 4618B2D01DE03427004E4022 /* PNBPlaceDetailsViewController.xib */; };
		4618B2D61DE04198004E4022 /* PNBDetailsImagesCellTableViewCell.swift in Sources */ = {isa = PBXBuildFile; fileRef = 4618B2D41DE04198004E4022 /* PNBDetailsImagesCellTableViewCell.swift */; };
		4618B2D71DE04198004E4022 /* PNBDetailsImagesCellTableViewCell.xib in Resources */ = {isa = PBXBuildFile; fileRef = 4618B2D51DE04198004E4022 /* PNBDetailsImagesCellTableViewCell.xib */; };
		464071F21DD0D66D00D9170F /* PNBApiManager.swift in Sources */ = {isa = PBXBuildFile; fileRef = 464071F11DD0D66D00D9170F /* PNBApiManager.swift */; };
		464071F41DD0D7F200D9170F /* PNBUserDefaultManager.swift in Sources */ = {isa = PBXBuildFile; fileRef = 464071F31DD0D7F200D9170F /* PNBUserDefaultManager.swift */; };
		464071F71DD0DA8100D9170F /* CoreLocation.framework in Frameworks */ = {isa = PBXBuildFile; fileRef = 464071F61DD0DA8100D9170F /* CoreLocation.framework */; };
		464071F91DD0DC7B00D9170F /* PNBLocationManager.swift in Sources */ = {isa = PBXBuildFile; fileRef = 464071F81DD0DC7B00D9170F /* PNBLocationManager.swift */; };
		464071FB1DD0EC6900D9170F /* PNBDataManager.swift in Sources */ = {isa = PBXBuildFile; fileRef = 464071FA1DD0EC6800D9170F /* PNBDataManager.swift */; };
		4689CBB01DCA518E00329905 /* PNCollectionViewCell.swift in Sources */ = {isa = PBXBuildFile; fileRef = 4689CBAF1DCA518E00329905 /* PNCollectionViewCell.swift */; };
		468C23A41DD616F500D438EC /* PNBListOfResultViewController.swift in Sources */ = {isa = PBXBuildFile; fileRef = 468C23A21DD616F500D438EC /* PNBListOfResultViewController.swift */; };
		468C23A51DD616F500D438EC /* PNBListOfResultViewController.xib in Resources */ = {isa = PBXBuildFile; fileRef = 468C23A31DD616F500D438EC /* PNBListOfResultViewController.xib */; };
		468C23B11DD7647100D438EC /* PNBListTableControllerViewController.swift in Sources */ = {isa = PBXBuildFile; fileRef = 468C23AF1DD7647100D438EC /* PNBListTableControllerViewController.swift */; };
		468C23B21DD7647100D438EC /* PNBListTableControllerViewController.xib in Resources */ = {isa = PBXBuildFile; fileRef = 468C23B01DD7647100D438EC /* PNBListTableControllerViewController.xib */; };
		468C23B71DD7706A00D438EC /* PNBListTableViewCell.swift in Sources */ = {isa = PBXBuildFile; fileRef = 468C23B51DD7706A00D438EC /* PNBListTableViewCell.swift */; };
		468C23B81DD7706A00D438EC /* PNBListTableViewCell.xib in Resources */ = {isa = PBXBuildFile; fileRef = 468C23B61DD7706A00D438EC /* PNBListTableViewCell.xib */; };
		468C23BB1DD7A28C00D438EC /* PNBLoadMoreTableViewCell.swift in Sources */ = {isa = PBXBuildFile; fileRef = 468C23B91DD7A28C00D438EC /* PNBLoadMoreTableViewCell.swift */; };
		468C23BC1DD7A28C00D438EC /* PNBLoadMoreTableViewCell.xib in Resources */ = {isa = PBXBuildFile; fileRef = 468C23BA1DD7A28C00D438EC /* PNBLoadMoreTableViewCell.xib */; };
		469740A61DCA675400D0B9D9 /* PNCategoriesData.swift in Sources */ = {isa = PBXBuildFile; fileRef = 469740A51DCA675400D0B9D9 /* PNCategoriesData.swift */; };
		469B712A1DCA469C002B00A8 /* AppDelegate.swift in Sources */ = {isa = PBXBuildFile; fileRef = 469B71291DCA469C002B00A8 /* AppDelegate.swift */; };
		469B712C1DCA469C002B00A8 /* ViewController.swift in Sources */ = {isa = PBXBuildFile; fileRef = 469B712B1DCA469C002B00A8 /* ViewController.swift */; };
		469B712F1DCA469C002B00A8 /* Main.storyboard in Resources */ = {isa = PBXBuildFile; fileRef = 469B712D1DCA469C002B00A8 /* Main.storyboard */; };
		469B71321DCA469C002B00A8 /* PlacesNearby.xcdatamodeld in Sources */ = {isa = PBXBuildFile; fileRef = 469B71301DCA469C002B00A8 /* PlacesNearby.xcdatamodeld */; };
		469B71341DCA469C002B00A8 /* Assets.xcassets in Resources */ = {isa = PBXBuildFile; fileRef = 469B71331DCA469C002B00A8 /* Assets.xcassets */; };
		469B71371DCA469C002B00A8 /* LaunchScreen.storyboard in Resources */ = {isa = PBXBuildFile; fileRef = 469B71351DCA469C002B00A8 /* LaunchScreen.storyboard */; };
		46A79A7E1DD9F9AF0005087B /* PNBMapViewController.swift in Sources */ = {isa = PBXBuildFile; fileRef = 46A79A7C1DD9F9AF0005087B /* PNBMapViewController.swift */; };
		46A79A7F1DD9F9AF0005087B /* PNBMapViewController.xib in Resources */ = {isa = PBXBuildFile; fileRef = 46A79A7D1DD9F9AF0005087B /* PNBMapViewController.xib */; };
		46A79A811DD9FA9F0005087B /* MapKit.framework in Frameworks */ = {isa = PBXBuildFile; fileRef = 46A79A801DD9FA9F0005087B /* MapKit.framework */; };
		46A79A851DDA07570005087B /* PNBAnnotation.swift in Sources */ = {isa = PBXBuildFile; fileRef = 46A79A841DDA07570005087B /* PNBAnnotation.swift */; };
		46A79A871DDA10830005087B /* PNBAnnotationView.swift in Sources */ = {isa = PBXBuildFile; fileRef = 46A79A861DDA10830005087B /* PNBAnnotationView.swift */; };
		46A79A891DDA18010005087B /* MapCalloutView.xib in Resources */ = {isa = PBXBuildFile; fileRef = 46A79A881DDA18010005087B /* MapCalloutView.xib */; };
		46A79A8B1DDA1ABB0005087B /* PNBMapDetailView.swift in Sources */ = {isa = PBXBuildFile; fileRef = 46A79A8A1DDA1ABB0005087B /* PNBMapDetailView.swift */; };
		46D7345C1DDCC0AA003B7889 /* PNBNetwrokConnectivity.swift in Sources */ = {isa = PBXBuildFile; fileRef = 46D7345B1DDCC0AA003B7889 /* PNBNetwrokConnectivity.swift */; };
		46D7345E1DDCC0C6003B7889 /* SystemConfiguration.framework in Frameworks */ = {isa = PBXBuildFile; fileRef = 46D7345D1DDCC0C6003B7889 /* SystemConfiguration.framework */; };
		46D734621DDCC2DE003B7889 /* PNBErrorViewController.swift in Sources */ = {isa = PBXBuildFile; fileRef = 46D734601DDCC2DE003B7889 /* PNBErrorViewController.swift */; };
		46D734631DDCC2DE003B7889 /* PNBErrorViewController.xib in Resources */ = {isa = PBXBuildFile; fileRef = 46D734611DDCC2DE003B7889 /* PNBErrorViewController.xib */; };
		46E45BDC1DCBA30D006DA378 /* PNHeaderView.swift in Sources */ = {isa = PBXBuildFile; fileRef = 46E45BDB1DCBA30D006DA378 /* PNHeaderView.swift */; };
/* End PBXBuildFile section */

/* Begin PBXFileReference section */
		4618B2CF1DE03427004E4022 /* PNBPlaceDetailsViewController.swift */ = {isa = PBXFileReference; fileEncoding = 4; lastKnownFileType = sourcecode.swift; path = PNBPlaceDetailsViewController.swift; sourceTree = "<group>"; };
		4618B2D01DE03427004E4022 /* PNBPlaceDetailsViewController.xib */ = {isa = PBXFileReference; fileEncoding = 4; lastKnownFileType = file.xib; path = PNBPlaceDetailsViewController.xib; sourceTree = "<group>"; };
		4618B2D41DE04198004E4022 /* PNBDetailsImagesCellTableViewCell.swift */ = {isa = PBXFileReference; fileEncoding = 4; lastKnownFileType = sourcecode.swift; path = PNBDetailsImagesCellTableViewCell.swift; sourceTree = "<group>"; };
		4618B2D51DE04198004E4022 /* PNBDetailsImagesCellTableViewCell.xib */ = {isa = PBXFileReference; fileEncoding = 4; lastKnownFileType = file.xib; path = PNBDetailsImagesCellTableViewCell.xib; sourceTree = "<group>"; };
		464071F11DD0D66D00D9170F /* PNBApiManager.swift */ = {isa = PBXFileReference; fileEncoding = 4; lastKnownFileType = sourcecode.swift; path = PNBApiManager.swift; sourceTree = "<group>"; };
		464071F31DD0D7F200D9170F /* PNBUserDefaultManager.swift */ = {isa = PBXFileReference; fileEncoding = 4; lastKnownFileType = sourcecode.swift; path = PNBUserDefaultManager.swift; sourceTree = "<group>"; };
		464071F61DD0DA8100D9170F /* CoreLocation.framework */ = {isa = PBXFileReference; lastKnownFileType = wrapper.framework; name = CoreLocation.framework; path = System/Library/Frameworks/CoreLocation.framework; sourceTree = SDKROOT; };
		464071F81DD0DC7B00D9170F /* PNBLocationManager.swift */ = {isa = PBXFileReference; fileEncoding = 4; lastKnownFileType = sourcecode.swift; path = PNBLocationManager.swift; sourceTree = "<group>"; };
		464071FA1DD0EC6800D9170F /* PNBDataManager.swift */ = {isa = PBXFileReference; fileEncoding = 4; lastKnownFileType = sourcecode.swift; path = PNBDataManager.swift; sourceTree = "<group>"; };
		4689CBAF1DCA518E00329905 /* PNCollectionViewCell.swift */ = {isa = PBXFileReference; fileEncoding = 4; lastKnownFileType = sourcecode.swift; path = PNCollectionViewCell.swift; sourceTree = "<group>"; };
		468C23A21DD616F500D438EC /* PNBListOfResultViewController.swift */ = {isa = PBXFileReference; fileEncoding = 4; lastKnownFileType = sourcecode.swift; path = PNBListOfResultViewController.swift; sourceTree = "<group>"; };
		468C23A31DD616F500D438EC /* PNBListOfResultViewController.xib */ = {isa = PBXFileReference; fileEncoding = 4; lastKnownFileType = file.xib; path = PNBListOfResultViewController.xib; sourceTree = "<group>"; };
		468C23AF1DD7647100D438EC /* PNBListTableControllerViewController.swift */ = {isa = PBXFileReference; fileEncoding = 4; lastKnownFileType = sourcecode.swift; path = PNBListTableControllerViewController.swift; sourceTree = "<group>"; };
		468C23B01DD7647100D438EC /* PNBListTableControllerViewController.xib */ = {isa = PBXFileReference; fileEncoding = 4; lastKnownFileType = file.xib; path = PNBListTableControllerViewController.xib; sourceTree = "<group>"; };
		468C23B51DD7706A00D438EC /* PNBListTableViewCell.swift */ = {isa = PBXFileReference; fileEncoding = 4; lastKnownFileType = sourcecode.swift; path = PNBListTableViewCell.swift; sourceTree = "<group>"; };
		468C23B61DD7706A00D438EC /* PNBListTableViewCell.xib */ = {isa = PBXFileReference; fileEncoding = 4; lastKnownFileType = file.xib; path = PNBListTableViewCell.xib; sourceTree = "<group>"; };
		468C23B91DD7A28C00D438EC /* PNBLoadMoreTableViewCell.swift */ = {isa = PBXFileReference; fileEncoding = 4; lastKnownFileType = sourcecode.swift; path = PNBLoadMoreTableViewCell.swift; sourceTree = "<group>"; };
		468C23BA1DD7A28C00D438EC /* PNBLoadMoreTableViewCell.xib */ = {isa = PBXFileReference; fileEncoding = 4; lastKnownFileType = file.xib; path = PNBLoadMoreTableViewCell.xib; sourceTree = "<group>"; };
		469740A51DCA675400D0B9D9 /* PNCategoriesData.swift */ = {isa = PBXFileReference; fileEncoding = 4; lastKnownFileType = sourcecode.swift; path = PNCategoriesData.swift; sourceTree = "<group>"; };
		469B71261DCA469C002B00A8 /* PlacesNearby.app */ = {isa = PBXFileReference; explicitFileType = wrapper.application; includeInIndex = 0; path = PlacesNearby.app; sourceTree = BUILT_PRODUCTS_DIR; };
		469B71291DCA469C002B00A8 /* AppDelegate.swift */ = {isa = PBXFileReference; lastKnownFileType = sourcecode.swift; path = AppDelegate.swift; sourceTree = "<group>"; };
		469B712B1DCA469C002B00A8 /* ViewController.swift */ = {isa = PBXFileReference; lastKnownFileType = sourcecode.swift; path = ViewController.swift; sourceTree = "<group>"; };
		469B712E1DCA469C002B00A8 /* Base */ = {isa = PBXFileReference; lastKnownFileType = file.storyboard; name = Base; path = Base.lproj/Main.storyboard; sourceTree = "<group>"; };
		469B71311DCA469C002B00A8 /* PlacesNearby.xcdatamodel */ = {isa = PBXFileReference; lastKnownFileType = wrapper.xcdatamodel; path = PlacesNearby.xcdatamodel; sourceTree = "<group>"; };
		469B71331DCA469C002B00A8 /* Assets.xcassets */ = {isa = PBXFileReference; lastKnownFileType = folder.assetcatalog; path = Assets.xcassets; sourceTree = "<group>"; };
		469B71361DCA469C002B00A8 /* Base */ = {isa = PBXFileReference; lastKnownFileType = file.storyboard; name = Base; path = Base.lproj/LaunchScreen.storyboard; sourceTree = "<group>"; };
		469B71381DCA469C002B00A8 /* Info.plist */ = {isa = PBXFileReference; lastKnownFileType = text.plist.xml; path = Info.plist; sourceTree = "<group>"; };
		46A79A7C1DD9F9AF0005087B /* PNBMapViewController.swift */ = {isa = PBXFileReference; fileEncoding = 4; lastKnownFileType = sourcecode.swift; path = PNBMapViewController.swift; sourceTree = "<group>"; };
		46A79A7D1DD9F9AF0005087B /* PNBMapViewController.xib */ = {isa = PBXFileReference; fileEncoding = 4; lastKnownFileType = file.xib; path = PNBMapViewController.xib; sourceTree = "<group>"; };
		46A79A801DD9FA9F0005087B /* MapKit.framework */ = {isa = PBXFileReference; lastKnownFileType = wrapper.framework; name = MapKit.framework; path = System/Library/Frameworks/MapKit.framework; sourceTree = SDKROOT; };
		46A79A841DDA07570005087B /* PNBAnnotation.swift */ = {isa = PBXFileReference; fileEncoding = 4; lastKnownFileType = sourcecode.swift; path = PNBAnnotation.swift; sourceTree = "<group>"; };
		46A79A861DDA10830005087B /* PNBAnnotationView.swift */ = {isa = PBXFileReference; fileEncoding = 4; lastKnownFileType = sourcecode.swift; path = PNBAnnotationView.swift; sourceTree = "<group>"; };
		46A79A881DDA18010005087B /* MapCalloutView.xib */ = {isa = PBXFileReference; fileEncoding = 4; lastKnownFileType = file.xib; path = MapCalloutView.xib; sourceTree = "<group>"; };
		46A79A8A1DDA1ABB0005087B /* PNBMapDetailView.swift */ = {isa = PBXFileReference; fileEncoding = 4; lastKnownFileType = sourcecode.swift; path = PNBMapDetailView.swift; sourceTree = "<group>"; };
		46D7345B1DDCC0AA003B7889 /* PNBNetwrokConnectivity.swift */ = {isa = PBXFileReference; fileEncoding = 4; lastKnownFileType = sourcecode.swift; path = PNBNetwrokConnectivity.swift; sourceTree = "<group>"; };
		46D7345D1DDCC0C6003B7889 /* SystemConfiguration.framework */ = {isa = PBXFileReference; lastKnownFileType = wrapper.framework; name = SystemConfiguration.framework; path = System/Library/Frameworks/SystemConfiguration.framework; sourceTree = SDKROOT; };
		46D734601DDCC2DE003B7889 /* PNBErrorViewController.swift */ = {isa = PBXFileReference; fileEncoding = 4; lastKnownFileType = sourcecode.swift; path = PNBErrorViewController.swift; sourceTree = "<group>"; };
		46D734611DDCC2DE003B7889 /* PNBErrorViewController.xib */ = {isa = PBXFileReference; fileEncoding = 4; lastKnownFileType = file.xib; path = PNBErrorViewController.xib; sourceTree = "<group>"; };
		46E45BDB1DCBA30D006DA378 /* PNHeaderView.swift */ = {isa = PBXFileReference; fileEncoding = 4; lastKnownFileType = sourcecode.swift; path = PNHeaderView.swift; sourceTree = "<group>"; };
/* End PBXFileReference section */

/* Begin PBXFrameworksBuildPhase section */
		469B71231DCA469C002B00A8 /* Frameworks */ = {
			isa = PBXFrameworksBuildPhase;
			buildActionMask = 2147483647;
			files = (
				46D7345E1DDCC0C6003B7889 /* SystemConfiguration.framework in Frameworks */,
				46A79A811DD9FA9F0005087B /* MapKit.framework in Frameworks */,
				464071F71DD0DA8100D9170F /* CoreLocation.framework in Frameworks */,
			);
			runOnlyForDeploymentPostprocessing = 0;
		};
/* End PBXFrameworksBuildPhase section */

/* Begin PBXGroup section */
		4618B2CE1DE033AB004E4022 /* PlaceDetailsUI */ = {
			isa = PBXGroup;
			children = (
				4618B2CF1DE03427004E4022 /* PNBPlaceDetailsViewController.swift */,
				4618B2D01DE03427004E4022 /* PNBPlaceDetailsViewController.xib */,
				4618B2D31DE04163004E4022 /* detailsViewCells */,
			);
			name = PlaceDetailsUI;
			sourceTree = "<group>";
		};
		4618B2D31DE04163004E4022 /* detailsViewCells */ = {
			isa = PBXGroup;
			children = (
				4618B2D41DE04198004E4022 /* PNBDetailsImagesCellTableViewCell.swift */,
				4618B2D51DE04198004E4022 /* PNBDetailsImagesCellTableViewCell.xib */,
			);
			name = detailsViewCells;
			sourceTree = "<group>";
		};
		464071EF1DD0D61100D9170F /* UI */ = {
			isa = PBXGroup;
			children = (
				4618B2CE1DE033AB004E4022 /* PlaceDetailsUI */,
				468C23A11DD616D500D438EC /* ListOfResultUI */,
				468C23A01DD616C300D438EC /* AppLaunch */,
			);
			name = UI;
			sourceTree = "<group>";
		};
		464071F01DD0D63C00D9170F /* DataManager */ = {
			isa = PBXGroup;
			children = (
				469740A51DCA675400D0B9D9 /* PNCategoriesData.swift */,
				464071F11DD0D66D00D9170F /* PNBApiManager.swift */,
				464071F31DD0D7F200D9170F /* PNBUserDefaultManager.swift */,
				464071F81DD0DC7B00D9170F /* PNBLocationManager.swift */,
				464071FA1DD0EC6800D9170F /* PNBDataManager.swift */,
				46D7345B1DDCC0AA003B7889 /* PNBNetwrokConnectivity.swift */,
			);
			name = DataManager;
			sourceTree = "<group>";
		};
		464071F51DD0DA8100D9170F /* Frameworks */ = {
			isa = PBXGroup;
			children = (
				46D7345D1DDCC0C6003B7889 /* SystemConfiguration.framework */,
				46A79A801DD9FA9F0005087B /* MapKit.framework */,
				464071F61DD0DA8100D9170F /* CoreLocation.framework */,
			);
			name = Frameworks;
			sourceTree = "<group>";
		};
		468C23A01DD616C300D438EC /* AppLaunch */ = {
			isa = PBXGroup;
			children = (
				469B71291DCA469C002B00A8 /* AppDelegate.swift */,
				469B71351DCA469C002B00A8 /* LaunchScreen.storyboard */,
				469B712D1DCA469C002B00A8 /* Main.storyboard */,
				46E45BDB1DCBA30D006DA378 /* PNHeaderView.swift */,
				4689CBAF1DCA518E00329905 /* PNCollectionViewCell.swift */,
				469B712B1DCA469C002B00A8 /* ViewController.swift */,
			);
			name = AppLaunch;
			sourceTree = "<group>";
		};
		468C23A11DD616D500D438EC /* ListOfResultUI */ = {
			isa = PBXGroup;
			children = (
				468C23A21DD616F500D438EC /* PNBListOfResultViewController.swift */,
				468C23A31DD616F500D438EC /* PNBListOfResultViewController.xib */,
				46D7345F1DDCC2A8003B7889 /* ErrorController */,
				46A79A7B1DD9F96F0005087B /* MapViewUI */,
				468C23A61DD74FFB00D438EC /* ListUI */,
			);
			name = ListOfResultUI;
			sourceTree = "<group>";
		};
		468C23A61DD74FFB00D438EC /* ListUI */ = {
			isa = PBXGroup;
			children = (
				468C23AF1DD7647100D438EC /* PNBListTableControllerViewController.swift */,
				468C23B01DD7647100D438EC /* PNBListTableControllerViewController.xib */,
				468C23B51DD7706A00D438EC /* PNBListTableViewCell.swift */,
				468C23B61DD7706A00D438EC /* PNBListTableViewCell.xib */,
				468C23B91DD7A28C00D438EC /* PNBLoadMoreTableViewCell.swift */,
				468C23BA1DD7A28C00D438EC /* PNBLoadMoreTableViewCell.xib */,
			);
			name = ListUI;
			sourceTree = "<group>";
		};
		469B711D1DCA469C002B00A8 = {
			isa = PBXGroup;
			children = (
				469B71281DCA469C002B00A8 /* PlacesNearby */,
				469B71271DCA469C002B00A8 /* Products */,
				464071F51DD0DA8100D9170F /* Frameworks */,
			);
			sourceTree = "<group>";
		};
		469B71271DCA469C002B00A8 /* Products */ = {
			isa = PBXGroup;
			children = (
				469B71261DCA469C002B00A8 /* PlacesNearby.app */,
			);
			name = Products;
			sourceTree = "<group>";
		};
		469B71281DCA469C002B00A8 /* PlacesNearby */ = {
			isa = PBXGroup;
			children = (
				464071F01DD0D63C00D9170F /* DataManager */,
				464071EF1DD0D61100D9170F /* UI */,
				469B71381DCA469C002B00A8 /* Info.plist */,
				469B71301DCA469C002B00A8 /* PlacesNearby.xcdatamodeld */,
				469B71331DCA469C002B00A8 /* Assets.xcassets */,
			);
			path = PlacesNearby;
			sourceTree = "<group>";
		};
		46A79A7B1DD9F96F0005087B /* MapViewUI */ = {
			isa = PBXGroup;
			children = (
				46A79A7C1DD9F9AF0005087B /* PNBMapViewController.swift */,
				46A79A7D1DD9F9AF0005087B /* PNBMapViewController.xib */,
				46A79A841DDA07570005087B /* PNBAnnotation.swift */,
				46A79A861DDA10830005087B /* PNBAnnotationView.swift */,
				46A79A881DDA18010005087B /* MapCalloutView.xib */,
				46A79A8A1DDA1ABB0005087B /* PNBMapDetailView.swift */,
			);
			name = MapViewUI;
			sourceTree = "<group>";
		};
		46D7345F1DDCC2A8003B7889 /* ErrorController */ = {
			isa = PBXGroup;
			children = (
				46D734601DDCC2DE003B7889 /* PNBErrorViewController.swift */,
				46D734611DDCC2DE003B7889 /* PNBErrorViewController.xib */,
			);
			name = ErrorController;
			sourceTree = "<group>";
		};
/* End PBXGroup section */

/* Begin PBXNativeTarget section */
		469B71251DCA469C002B00A8 /* PlacesNearby */ = {
			isa = PBXNativeTarget;
			buildConfigurationList = 469B713B1DCA469C002B00A8 /* Build configuration list for PBXNativeTarget "PlacesNearby" */;
			buildPhases = (
				469B71221DCA469C002B00A8 /* Sources */,
				469B71231DCA469C002B00A8 /* Frameworks */,
				469B71241DCA469C002B00A8 /* Resources */,
			);
			buildRules = (
			);
			dependencies = (
			);
			name = PlacesNearby;
			productName = PlacesNearby;
			productReference = 469B71261DCA469C002B00A8 /* PlacesNearby.app */;
			productType = "com.apple.product-type.application";
		};
/* End PBXNativeTarget section */

/* Begin PBXProject section */
		469B711E1DCA469C002B00A8 /* Project object */ = {
			isa = PBXProject;
			attributes = {
				LastSwiftUpdateCheck = 0800;
				LastUpgradeCheck = 0800;
				ORGANIZATIONNAME = Abhishek;
				TargetAttributes = {
					469B71251DCA469C002B00A8 = {
						CreatedOnToolsVersion = 8.0;
						ProvisioningStyle = Automatic;
					};
				};
			};
			buildConfigurationList = 469B71211DCA469C002B00A8 /* Build configuration list for PBXProject "PlacesNearby" */;
			compatibilityVersion = "Xcode 3.2";
			developmentRegion = English;
			hasScannedForEncodings = 0;
			knownRegions = (
				en,
				Base,
			);
			mainGroup = 469B711D1DCA469C002B00A8;
			productRefGroup = 469B71271DCA469C002B00A8 /* Products */;
			projectDirPath = "";
			projectRoot = "";
			targets = (
				469B71251DCA469C002B00A8 /* PlacesNearby */,
			);
		};
/* End PBXProject section */

/* Begin PBXResourcesBuildPhase section */
		469B71241DCA469C002B00A8 /* Resources */ = {
			isa = PBXResourcesBuildPhase;
			buildActionMask = 2147483647;
			files = (
				46A79A891DDA18010005087B /* MapCalloutView.xib in Resources */,
				469B71371DCA469C002B00A8 /* LaunchScreen.storyboard in Resources */,
				46D734631DDCC2DE003B7889 /* PNBErrorViewController.xib in Resources */,
				469B71341DCA469C002B00A8 /* Assets.xcassets in Resources */,
				4618B2D21DE03427004E4022 /* PNBPlaceDetailsViewController.xib in Resources */,
				4618B2D71DE04198004E4022 /* PNBDetailsImagesCellTableViewCell.xib in Resources */,
				468C23B81DD7706A00D438EC /* PNBListTableViewCell.xib in Resources */,
				468C23BC1DD7A28C00D438EC /* PNBLoadMoreTableViewCell.xib in Resources */,
				468C23B21DD7647100D438EC /* PNBListTableControllerViewController.xib in Resources */,
				469B712F1DCA469C002B00A8 /* Main.storyboard in Resources */,
				46A79A7F1DD9F9AF0005087B /* PNBMapViewController.xib in Resources */,
				468C23A51DD616F500D438EC /* PNBListOfResultViewController.xib in Resources */,
			);
			runOnlyForDeploymentPostprocessing = 0;
		};
/* End PBXResourcesBuildPhase section */

/* Begin PBXSourcesBuildPhase section */
		469B71221DCA469C002B00A8 /* Sources */ = {
			isa = PBXSourcesBuildPhase;
			buildActionMask = 2147483647;
			files = (
				469B712C1DCA469C002B00A8 /* ViewController.swift in Sources */,
				464071F91DD0DC7B00D9170F /* PNBLocationManager.swift in Sources */,
				468C23A41DD616F500D438EC /* PNBListOfResultViewController.swift in Sources */,
				469740A61DCA675400D0B9D9 /* PNCategoriesData.swift in Sources */,
				468C23B11DD7647100D438EC /* PNBListTableControllerViewController.swift in Sources */,
				469B71321DCA469C002B00A8 /* PlacesNearby.xcdatamodeld in Sources */,
				46A79A871DDA10830005087B /* PNBAnnotationView.swift in Sources */,
				464071FB1DD0EC6900D9170F /* PNBDataManager.swift in Sources */,
				464071F21DD0D66D00D9170F /* PNBApiManager.swift in Sources */,
				46A79A8B1DDA1ABB0005087B /* PNBMapDetailView.swift in Sources */,
				4689CBB01DCA518E00329905 /* PNCollectionViewCell.swift in Sources */,
				46A79A851DDA07570005087B /* PNBAnnotation.swift in Sources */,
				468C23B71DD7706A00D438EC /* PNBListTableViewCell.swift in Sources */,
				464071F41DD0D7F200D9170F /* PNBUserDefaultManager.swift in Sources */,
				469B712A1DCA469C002B00A8 /* AppDelegate.swift in Sources */,
				4618B2D11DE03427004E4022 /* PNBPlaceDetailsViewController.swift in Sources */,
				46E45BDC1DCBA30D006DA378 /* PNHeaderView.swift in Sources */,
				4618B2D61DE04198004E4022 /* PNBDetailsImagesCellTableViewCell.swift in Sources */,
				46D734621DDCC2DE003B7889 /* PNBErrorViewController.swift in Sources */,
				468C23BB1DD7A28C00D438EC /* PNBLoadMoreTableViewCell.swift in Sources */,
				46D7345C1DDCC0AA003B7889 /* PNBNetwrokConnectivity.swift in Sources */,
				46A79A7E1DD9F9AF0005087B /* PNBMapViewController.swift in Sources */,
			);
			runOnlyForDeploymentPostprocessing = 0;
		};
/* End PBXSourcesBuildPhase section */

/* Begin PBXVariantGroup section */
		469B712D1DCA469C002B00A8 /* Main.storyboard */ = {
			isa = PBXVariantGroup;
			children = (
				469B712E1DCA469C002B00A8 /* Base */,
			);
			name = Main.storyboard;
			sourceTree = "<group>";
		};
		469B71351DCA469C002B00A8 /* LaunchScreen.storyboard */ = {
			isa = PBXVariantGroup;
			children = (
				469B71361DCA469C002B00A8 /* Base */,
			);
			name = LaunchScreen.storyboard;
			sourceTree = "<group>";
		};
/* End PBXVariantGroup section */

/* Begin XCBuildConfiguration section */
		469B71391DCA469C002B00A8 /* Debug */ = {
			isa = XCBuildConfiguration;
			buildSettings = {
				ALWAYS_SEARCH_USER_PATHS = NO;
				CLANG_ANALYZER_NONNULL = YES;
				CLANG_CXX_LANGUAGE_STANDARD = "gnu++0x";
				CLANG_CXX_LIBRARY = "libc++";
				CLANG_ENABLE_MODULES = YES;
				CLANG_ENABLE_OBJC_ARC = YES;
				CLANG_WARN_BOOL_CONVERSION = YES;
				CLANG_WARN_CONSTANT_CONVERSION = YES;
				CLANG_WARN_DIRECT_OBJC_ISA_USAGE = YES_ERROR;
				CLANG_WARN_DOCUMENTATION_COMMENTS = YES;
				CLANG_WARN_EMPTY_BODY = YES;
				CLANG_WARN_ENUM_CONVERSION = YES;
				CLANG_WARN_INFINITE_RECURSION = YES;
				CLANG_WARN_INT_CONVERSION = YES;
				CLANG_WARN_OBJC_ROOT_CLASS = YES_ERROR;
				CLANG_WARN_SUSPICIOUS_MOVES = YES;
				CLANG_WARN_UNREACHABLE_CODE = YES;
				CLANG_WARN__DUPLICATE_METHOD_MATCH = YES;
				"CODE_SIGN_IDENTITY[sdk=iphoneos*]" = "iPhone Developer";
				COPY_PHASE_STRIP = NO;
				DEBUG_INFORMATION_FORMAT = dwarf;
				ENABLE_STRICT_OBJC_MSGSEND = YES;
				ENABLE_TESTABILITY = YES;
				GCC_C_LANGUAGE_STANDARD = gnu99;
				GCC_DYNAMIC_NO_PIC = NO;
				GCC_NO_COMMON_BLOCKS = YES;
				GCC_OPTIMIZATION_LEVEL = 0;
				GCC_PREPROCESSOR_DEFINITIONS = (
					"DEBUG=1",
					"$(inherited)",
				);
				GCC_WARN_64_TO_32_BIT_CONVERSION = YES;
				GCC_WARN_ABOUT_RETURN_TYPE = YES_ERROR;
				GCC_WARN_UNDECLARED_SELECTOR = YES;
				GCC_WARN_UNINITIALIZED_AUTOS = YES_AGGRESSIVE;
				GCC_WARN_UNUSED_FUNCTION = YES;
				GCC_WARN_UNUSED_VARIABLE = YES;
				IPHONEOS_DEPLOYMENT_TARGET = 10.0;
				MTL_ENABLE_DEBUG_INFO = YES;
				ONLY_ACTIVE_ARCH = YES;
				SDKROOT = iphoneos;
				SWIFT_ACTIVE_COMPILATION_CONDITIONS = DEBUG;
				SWIFT_OPTIMIZATION_LEVEL = "-Onone";
				TARGETED_DEVICE_FAMILY = "1,2";
			};
			name = Debug;
		};
		469B713A1DCA469C002B00A8 /* Release */ = {
			isa = XCBuildConfiguration;
			buildSettings = {
				ALWAYS_SEARCH_USER_PATHS = NO;
				CLANG_ANALYZER_NONNULL = YES;
				CLANG_CXX_LANGUAGE_STANDARD = "gnu++0x";
				CLANG_CXX_LIBRARY = "libc++";
				CLANG_ENABLE_MODULES = YES;
				CLANG_ENABLE_OBJC_ARC = YES;
				CLANG_WARN_BOOL_CONVERSION = YES;
				CLANG_WARN_CONSTANT_CONVERSION = YES;
				CLANG_WARN_DIRECT_OBJC_ISA_USAGE = YES_ERROR;
				CLANG_WARN_DOCUMENTATION_COMMENTS = YES;
				CLANG_WARN_EMPTY_BODY = YES;
				CLANG_WARN_ENUM_CONVERSION = YES;
				CLANG_WARN_INFINITE_RECURSION = YES;
				CLANG_WARN_INT_CONVERSION = YES;
				CLANG_WARN_OBJC_ROOT_CLASS = YES_ERROR;
				CLANG_WARN_SUSPICIOUS_MOVES = YES;
				CLANG_WARN_UNREACHABLE_CODE = YES;
				CLANG_WARN__DUPLICATE_METHOD_MATCH = YES;
				"CODE_SIGN_IDENTITY[sdk=iphoneos*]" = "iPhone Developer";
				COPY_PHASE_STRIP = NO;
				DEBUG_INFORMATION_FORMAT = "dwarf-with-dsym";
				ENABLE_NS_ASSERTIONS = NO;
				ENABLE_STRICT_OBJC_MSGSEND = YES;
				GCC_C_LANGUAGE_STANDARD = gnu99;
				GCC_NO_COMMON_BLOCKS = YES;
				GCC_WARN_64_TO_32_BIT_CONVERSION = YES;
				GCC_WARN_ABOUT_RETURN_TYPE = YES_ERROR;
				GCC_WARN_UNDECLARED_SELECTOR = YES;
				GCC_WARN_UNINITIALIZED_AUTOS = YES_AGGRESSIVE;
				GCC_WARN_UNUSED_FUNCTION = YES;
				GCC_WARN_UNUSED_VARIABLE = YES;
				IPHONEOS_DEPLOYMENT_TARGET = 10.0;
				MTL_ENABLE_DEBUG_INFO = NO;
				SDKROOT = iphoneos;
				SWIFT_OPTIMIZATION_LEVEL = "-Owholemodule";
				TARGETED_DEVICE_FAMILY = "1,2";
				VALIDATE_PRODUCT = YES;
			};
			name = Release;
		};
		469B713C1DCA469C002B00A8 /* Debug */ = {
			isa = XCBuildConfiguration;
			buildSettings = {
				ASSETCATALOG_COMPILER_APPICON_NAME = AppIcon;
				INFOPLIST_FILE = PlacesNearby/Info.plist;
				LD_RUNPATH_SEARCH_PATHS = "$(inherited) @executable_path/Frameworks";
				PRODUCT_BUNDLE_IDENTIFIER = com.Abhishek.PlacesNearby;
				PRODUCT_NAME = "$(TARGET_NAME)";
				SWIFT_VERSION = 3.0;
			};
			name = Debug;
		};
		469B713D1DCA469C002B00A8 /* Release */ = {
			isa = XCBuildConfiguration;
			buildSettings = {
				ASSETCATALOG_COMPILER_APPICON_NAME = AppIcon;
				INFOPLIST_FILE = PlacesNearby/Info.plist;
				LD_RUNPATH_SEARCH_PATHS = "$(inherited) @executable_path/Frameworks";
				PRODUCT_BUNDLE_IDENTIFIER = com.Abhishek.PlacesNearby;
				PRODUCT_NAME = "$(TARGET_NAME)";
				SWIFT_VERSION = 3.0;
			};
			name = Release;
		};
/* End XCBuildConfiguration section */

/* Begin XCConfigurationList section */
		469B71211DCA469C002B00A8 /* Build configuration list for PBXProject "PlacesNearby" */ = {
			isa = XCConfigurationList;
			buildConfigurations = (
				469B71391DCA469C002B00A8 /* Debug */,
				469B713A1DCA469C002B00A8 /* Release */,
			);
			defaultConfigurationIsVisible = 0;
			defaultConfigurationName = Release;
		};
		469B713B1DCA469C002B00A8 /* Build configuration list for PBXNativeTarget "PlacesNearby" */ = {
			isa = XCConfigurationList;
			buildConfigurations = (
				469B713C1DCA469C002B00A8 /* Debug */,
				469B713D1DCA469C002B00A8 /* Release */,
			);
			defaultConfigurationIsVisible = 0;
			defaultConfigurationName = Release;
		};
/* End XCConfigurationList section */

/* Begin XCVersionGroup section */
		469B71301DCA469C002B00A8 /* PlacesNearby.xcdatamodeld */ = {
			isa = XCVersionGroup;
			children = (
				469B71311DCA469C002B00A8 /* PlacesNearby.xcdatamodel */,
			);
			currentVersion = 469B71311DCA469C002B00A8 /* PlacesNearby.xcdatamodel */;
			path = PlacesNearby.xcdatamodeld;
			sourceTree = "<group>";
			versionGroupType = wrapper.xcdatamodel;
		};
/* End XCVersionGroup section */
	};
	rootObject = 469B711E1DCA469C002B00A8 /* Project object */;
}
